
Microsoft Visual Studio Solution File, Format Version 12.00
# Visual Studio Version 16
VisualStudioVersion = 16.0.30413.136
MinimumVisualStudioVersion = 10.0.40219.1
Project("{FAE04EC0-301F-11D3-BF4B-00C04F79EFBC}") = "ReadIDCardApp", "ReadIDCardApp\ReadIDCardApp.csproj", "{C76048AB-2C7B-4DA2-9C86-60237D55A698}"
EndProject
Global
	GlobalSection(SolutionConfigurationPlatforms) = preSolution
		Debug|Any CPU = Debug|Any CPU
		Debug|x86 = Debug|x86
		Release|Any CPU = Release|Any CPU
		Release|x86 = Release|x86
	EndGlobalSection
	GlobalSection(ProjectConfigurationPlatforms) = postSolution
		{C76048AB-2C7B-4DA2-9C86-60237D55A698}.Debug|Any CPU.ActiveCfg = Debug|Any CPU
		{C76048AB-2C7B-4DA2-9C86-60237D55A698}.Debug|Any CPU.Build.0 = Debug|Any CPU
		{C76048AB-2C7B-4DA2-9C86-60237D55A698}.Debug|x86.ActiveCfg = Debug|x86
		{C76048AB-2C7B-4DA2-9C86-60237D55A698}.Debug|x86.Build.0 = Debug|x86
		{C76048AB-2C7B-4DA2-9C86-60237D55A698}.Release|Any CPU.ActiveCfg = Release|Any CPU
		{C76048AB-2C7B-4DA2-9C86-60237D55A698}.Release|Any CPU.Build.0 = Release|Any CPU
		{C76048AB-2C7B-4DA2-9C86-60237D55A698}.Release|x86.ActiveCfg = Release|x86
		{C76048AB-2C7B-4DA2-9C86-60237D55A698}.Release|x86.Build.0 = Release|x86
	EndGlobalSection
	GlobalSection(SolutionProperties) = preSolution
		HideSolutionNode = FALSE
	EndGlobalSection
	GlobalSection(ExtensibilityGlobals) = postSolution
		SolutionGuid = {7007C808-3651-46DF-A1D5-2E6D52BA7A84}
	EndGlobalSection
EndGlobal
